
Microsoft Visual Studio Solution File, Format Version 12.00
# Visual Studio Version 17
VisualStudioVersion = 17.8.34316.72
MinimumVisualStudioVersion = 10.0.40219.1
Project("{FAE04EC0-301F-11D3-BF4B-00C04F79EFBC}") = "MistsOfThelema", "MistsOfThelema.csproj", "{F63FE9C1-7088-4E53-A85B-1A62DF672418}"
EndProject
Global
	GlobalSection(SolutionConfigurationPlatforms) = preSolution
		Debug|Any CPU = Debug|Any CPU
		Release|Any CPU = Release|Any CPU
	EndGlobalSection
	GlobalSection(ProjectConfigurationPlatforms) = postSolution
		{F63FE9C1-7088-4E53-A85B-1A62DF672418}.Debug|Any CPU.ActiveCfg = Debug|Any CPU
		{F63FE9C1-7088-4E53-A85B-1A62DF672418}.Debug|Any CPU.Build.0 = Debug|Any CPU
		{F63FE9C1-7088-4E53-A85B-1A62DF672418}.Release|Any CPU.ActiveCfg = Release|Any CPU
		{F63FE9C1-7088-4E53-A85B-1A62DF672418}.Release|Any CPU.Build.0 = Release|Any CPU
	EndGlobalSection
	GlobalSection(SolutionProperties) = preSolution
		HideSolutionNode = FALSE
	EndGlobalSection
	GlobalSection(ExtensibilityGlobals) = postSolution
		SolutionGuid = {F1109DCF-2489-4F49-A877-2BB42F4CA234}
	EndGlobalSection
EndGlobal
